
Microsoft Visual Studio Solution File, Format Version 12.00
# Visual Studio Version 16
VisualStudioVersion = 16.0.29102.190
MinimumVisualStudioVersion = 10.0.40219.1
Project("{9A19103F-16F7-4668-BE54-9A1E7A4F7556}") = "BingoX.Core", "BingoX.Core\BingoX.Core.csproj", "{06ECFE0D-6545-402E-8202-2149378536BB}"
EndProject
Project("{9A19103F-16F7-4668-BE54-9A1E7A4F7556}") = "BingoX.Core.SecurityExtension", "BingoX.Core.SecurityExtension\BingoX.Core.SecurityExtension.csproj", "{EF5274DF-D7AE-40E4-BEBC-B0691824C1D8}"
EndProject
Project("{9A19103F-16F7-4668-BE54-9A1E7A4F7556}") = "BingoX.EF", "BingoX.EF\BingoX.EF.csproj", "{6620A728-ABF3-4287-AEA6-8C4ACCCC5A9E}"
EndProject
Project("{9A19103F-16F7-4668-BE54-9A1E7A4F7556}") = "BingoX.Repository", "BingoX.Repository\BingoX.Repository.csproj", "{7DC28A3B-8B3B-4E2B-98BA-5E93E496A3CD}"
EndProject
Project("{9A19103F-16F7-4668-BE54-9A1E7A4F7556}") = "BingoX.SqlSugar", "BingoX.SqlSugar\BingoX.SqlSugar.csproj", "{3961F2B4-BEC3-4797-AE68-FE99E7F589B6}"
EndProject
Project("{2150E333-8FDC-42A3-9474-1A3956D46DE8}") = "Code", "Code", "{1CA49710-5117-4F72-9155-8D0282D083F4}"
EndProject
Project("{2150E333-8FDC-42A3-9474-1A3956D46DE8}") = "Test", "Test", "{23C20671-6F1B-44DC-8CB1-DC79F64B4ED7}"
EndProject
Project("{9A19103F-16F7-4668-BE54-9A1E7A4F7556}") = "BingoX.Core.Test", "BingoX.Core.Test\BingoX.Core.Test.csproj", "{2845BDA8-3F6F-4336-9501-686D96429FF6}"
EndProject
Project("{FAE04EC0-301F-11D3-BF4B-00C04F79EFBC}") = "BingoX.Test", "BingoX.Test\BingoX.Test.csproj", "{EA9B6937-C7C8-464A-B9E7-E5C761437043}"
EndProject
Project("{9A19103F-16F7-4668-BE54-9A1E7A4F7556}") = "BingoX.Core.SecurityExtension.Test", "BingoX.Core.SecurityExtension.Test\BingoX.Core.SecurityExtension.Test.csproj", "{43D56A1B-B4ED-461F-B144-BFDCB8B4F6F7}"
EndProject
Project("{FAE04EC0-301F-11D3-BF4B-00C04F79EFBC}") = "BingoX.SecurityExtension.Test", "BingoX.SecurityExtension.Test\BingoX.SecurityExtension.Test.csproj", "{4477A0E6-09AE-4A77-A49A-F8819E93B4CA}"
EndProject
Project("{9A19103F-16F7-4668-BE54-9A1E7A4F7556}") = "BingoX.Core.Extension", "BingoX.Core.Extension\BingoX.Core.Extension.csproj", "{2781BCC3-AB52-4565-8913-BBDF6FA792BE}"
EndProject
Project("{9A19103F-16F7-4668-BE54-9A1E7A4F7556}") = "BingoX.Compress.Extension", "BingoX.Compress.Extension\BingoX.Compress.Extension.csproj", "{10621374-4B55-495B-868E-AD526195DD5C}"
EndProject
Project("{9A19103F-16F7-4668-BE54-9A1E7A4F7556}") = "BingoX.Domain", "BingoX.Domain\BingoX.Domain.csproj", "{C4B3A0A3-96F4-4791-8629-AC369306AC38}"
EndProject
Project("{2150E333-8FDC-42A3-9474-1A3956D46DE8}") = "1 Core", "1 Core", "{FC2F859B-3B3D-49DF-B551-2FBFFB356FDC}"
EndProject
Project("{2150E333-8FDC-42A3-9474-1A3956D46DE8}") = "3 IO_DB", "3 IO_DB", "{AC89EBA6-9855-430E-ACD6-B7BE959AE611}"
EndProject
Project("{2150E333-8FDC-42A3-9474-1A3956D46DE8}") = "3 IO_File", "3 IO_File", "{5012B439-25F6-48E9-BE1A-AFEEC56E6655}"
EndProject
Project("{2150E333-8FDC-42A3-9474-1A3956D46DE8}") = "2 Security", "2 Security", "{C0AAB9DA-D22D-4136-8D5D-D9FE008BB816}"
EndProject
Project("{9A19103F-16F7-4668-BE54-9A1E7A4F7556}") = "BingoX.Cache", "BingoX.Cache\BingoX.Cache.csproj", "{392A3DCC-168F-4EB8-8169-8245C65F607F}"
EndProject
Project("{2150E333-8FDC-42A3-9474-1A3956D46DE8}") = "4 Comm", "4 Comm", "{9832971A-914A-4D2F-9D1A-9FD18F36A5D2}"
EndProject
Project("{9A19103F-16F7-4668-BE54-9A1E7A4F7556}") = "BingoX.Comm.PaySDK", "BingoX.Comm.PaySDK\BingoX.Comm.PaySDK.csproj", "{DDB5085B-7E2E-4651-AFA9-C80019048C0E}"
EndProject
Project("{2150E333-8FDC-42A3-9474-1A3956D46DE8}") = "5 Other", "5 Other", "{F07A8394-FBDE-4F6A-BD4B-ED0091F86B8E}"
EndProject
Project("{9A19103F-16F7-4668-BE54-9A1E7A4F7556}") = "BingoX.Tax", "BingoX.Tax\BingoX.Tax.csproj", "{2F14E6A1-373F-4F38-997B-6C1A832DF6AB}"
EndProject
Project("{9A19103F-16F7-4668-BE54-9A1E7A4F7556}") = "BingoX.FileSystem", "BingoX.FileSystem\BingoX.FileSystem.csproj", "{58626B4F-D364-434F-A737-CF5BDA80B0CB}"
EndProject
Project("{2150E333-8FDC-42A3-9474-1A3956D46DE8}") = "Solution Items", "Solution Items", "{3381556D-C657-48B4-9E96-EE81007B3932}"
	ProjectSection(SolutionItems) = preProject
		.editorconfig = .editorconfig
	EndProjectSection
EndProject
Project("{9A19103F-16F7-4668-BE54-9A1E7A4F7556}") = "BingoX.EF.AspNetCore", "BingoX.EF.AspNetCore\BingoX.EF.AspNetCore.csproj", "{31F69133-1DE1-4F29-B18F-FD171C9B5C27}"
EndProject
Project("{9A19103F-16F7-4668-BE54-9A1E7A4F7556}") = "BingoX.DataAccessor", "BingoX.DataAccessor\BingoX.DataAccessor.csproj", "{05F3354E-1388-4432-ADFB-FB64CE60CEA8}"
EndProject
Project("{9A19103F-16F7-4668-BE54-9A1E7A4F7556}") = "BingoX.DataAccessor.EF", "BingoX.DataAccessor.EF\BingoX.DataAccessor.EF.csproj", "{E354EC5B-E4C7-4570-A843-F917A17F39FC}"
EndProject
Project("{9A19103F-16F7-4668-BE54-9A1E7A4F7556}") = "BingoX.DataAccessor.SqlSugar", "BingoX.DataAccessor.SqlSugar\BingoX.DataAccessor.SqlSugar.csproj", "{63C9D1A8-56A1-4F91-A669-E46E6BB5A9E2}"
EndProject
Project("{9A19103F-16F7-4668-BE54-9A1E7A4F7556}") = "BingoX.Repository.AspNetCore.EF", "BingoX.Repository.AspNetCore.EF\BingoX.Repository.AspNetCore.EF.csproj", "{428607E3-7960-4936-8000-E369AA0324BF}"
EndProject
Project("{FAE04EC0-301F-11D3-BF4B-00C04F79EFBC}") = "BingoX.Repository.AspNetCore", "BingoX.Repository.AspNetCore\BingoX.Repository.AspNetCore.csproj", "{38F33812-788D-434E-8590-F28049E8B44C}"
EndProject
Global
	GlobalSection(SolutionConfigurationPlatforms) = preSolution
		Debug|Any CPU = Debug|Any CPU
		Release|Any CPU = Release|Any CPU
	EndGlobalSection
	GlobalSection(ProjectConfigurationPlatforms) = postSolution
		{06ECFE0D-6545-402E-8202-2149378536BB}.Debug|Any CPU.ActiveCfg = Debug|Any CPU
		{06ECFE0D-6545-402E-8202-2149378536BB}.Debug|Any CPU.Build.0 = Debug|Any CPU
		{06ECFE0D-6545-402E-8202-2149378536BB}.Release|Any CPU.ActiveCfg = Release|Any CPU
		{06ECFE0D-6545-402E-8202-2149378536BB}.Release|Any CPU.Build.0 = Release|Any CPU
		{EF5274DF-D7AE-40E4-BEBC-B0691824C1D8}.Debug|Any CPU.ActiveCfg = Debug|Any CPU
		{EF5274DF-D7AE-40E4-BEBC-B0691824C1D8}.Debug|Any CPU.Build.0 = Debug|Any CPU
		{EF5274DF-D7AE-40E4-BEBC-B0691824C1D8}.Release|Any CPU.ActiveCfg = Release|Any CPU
		{EF5274DF-D7AE-40E4-BEBC-B0691824C1D8}.Release|Any CPU.Build.0 = Release|Any CPU
		{6620A728-ABF3-4287-AEA6-8C4ACCCC5A9E}.Debug|Any CPU.ActiveCfg = Debug|Any CPU
		{6620A728-ABF3-4287-AEA6-8C4ACCCC5A9E}.Debug|Any CPU.Build.0 = Debug|Any CPU
		{6620A728-ABF3-4287-AEA6-8C4ACCCC5A9E}.Release|Any CPU.ActiveCfg = Release|Any CPU
		{6620A728-ABF3-4287-AEA6-8C4ACCCC5A9E}.Release|Any CPU.Build.0 = Release|Any CPU
		{7DC28A3B-8B3B-4E2B-98BA-5E93E496A3CD}.Debug|Any CPU.ActiveCfg = Debug|Any CPU
		{7DC28A3B-8B3B-4E2B-98BA-5E93E496A3CD}.Debug|Any CPU.Build.0 = Debug|Any CPU
		{7DC28A3B-8B3B-4E2B-98BA-5E93E496A3CD}.Release|Any CPU.ActiveCfg = Release|Any CPU
		{7DC28A3B-8B3B-4E2B-98BA-5E93E496A3CD}.Release|Any CPU.Build.0 = Release|Any CPU
		{3961F2B4-BEC3-4797-AE68-FE99E7F589B6}.Debug|Any CPU.ActiveCfg = Debug|Any CPU
		{3961F2B4-BEC3-4797-AE68-FE99E7F589B6}.Debug|Any CPU.Build.0 = Debug|Any CPU
		{3961F2B4-BEC3-4797-AE68-FE99E7F589B6}.Release|Any CPU.ActiveCfg = Release|Any CPU
		{3961F2B4-BEC3-4797-AE68-FE99E7F589B6}.Release|Any CPU.Build.0 = Release|Any CPU
		{2845BDA8-3F6F-4336-9501-686D96429FF6}.Debug|Any CPU.ActiveCfg = Debug|Any CPU
		{2845BDA8-3F6F-4336-9501-686D96429FF6}.Debug|Any CPU.Build.0 = Debug|Any CPU
		{2845BDA8-3F6F-4336-9501-686D96429FF6}.Release|Any CPU.ActiveCfg = Release|Any CPU
		{2845BDA8-3F6F-4336-9501-686D96429FF6}.Release|Any CPU.Build.0 = Release|Any CPU
		{EA9B6937-C7C8-464A-B9E7-E5C761437043}.Debug|Any CPU.ActiveCfg = Debug|Any CPU
		{EA9B6937-C7C8-464A-B9E7-E5C761437043}.Debug|Any CPU.Build.0 = Debug|Any CPU
		{EA9B6937-C7C8-464A-B9E7-E5C761437043}.Release|Any CPU.ActiveCfg = Release|Any CPU
		{EA9B6937-C7C8-464A-B9E7-E5C761437043}.Release|Any CPU.Build.0 = Release|Any CPU
		{43D56A1B-B4ED-461F-B144-BFDCB8B4F6F7}.Debug|Any CPU.ActiveCfg = Debug|Any CPU
		{43D56A1B-B4ED-461F-B144-BFDCB8B4F6F7}.Debug|Any CPU.Build.0 = Debug|Any CPU
		{43D56A1B-B4ED-461F-B144-BFDCB8B4F6F7}.Release|Any CPU.ActiveCfg = Release|Any CPU
		{43D56A1B-B4ED-461F-B144-BFDCB8B4F6F7}.Release|Any CPU.Build.0 = Release|Any CPU
		{4477A0E6-09AE-4A77-A49A-F8819E93B4CA}.Debug|Any CPU.ActiveCfg = Debug|Any CPU
		{4477A0E6-09AE-4A77-A49A-F8819E93B4CA}.Debug|Any CPU.Build.0 = Debug|Any CPU
		{4477A0E6-09AE-4A77-A49A-F8819E93B4CA}.Release|Any CPU.ActiveCfg = Release|Any CPU
		{4477A0E6-09AE-4A77-A49A-F8819E93B4CA}.Release|Any CPU.Build.0 = Release|Any CPU
		{2781BCC3-AB52-4565-8913-BBDF6FA792BE}.Debug|Any CPU.ActiveCfg = Debug|Any CPU
		{2781BCC3-AB52-4565-8913-BBDF6FA792BE}.Debug|Any CPU.Build.0 = Debug|Any CPU
		{2781BCC3-AB52-4565-8913-BBDF6FA792BE}.Release|Any CPU.ActiveCfg = Release|Any CPU
		{2781BCC3-AB52-4565-8913-BBDF6FA792BE}.Release|Any CPU.Build.0 = Release|Any CPU
		{10621374-4B55-495B-868E-AD526195DD5C}.Debug|Any CPU.ActiveCfg = Debug|Any CPU
		{10621374-4B55-495B-868E-AD526195DD5C}.Debug|Any CPU.Build.0 = Debug|Any CPU
		{10621374-4B55-495B-868E-AD526195DD5C}.Release|Any CPU.ActiveCfg = Release|Any CPU
		{10621374-4B55-495B-868E-AD526195DD5C}.Release|Any CPU.Build.0 = Release|Any CPU
		{C4B3A0A3-96F4-4791-8629-AC369306AC38}.Debug|Any CPU.ActiveCfg = Debug|Any CPU
		{C4B3A0A3-96F4-4791-8629-AC369306AC38}.Debug|Any CPU.Build.0 = Debug|Any CPU
		{C4B3A0A3-96F4-4791-8629-AC369306AC38}.Release|Any CPU.ActiveCfg = Release|Any CPU
		{C4B3A0A3-96F4-4791-8629-AC369306AC38}.Release|Any CPU.Build.0 = Release|Any CPU
		{392A3DCC-168F-4EB8-8169-8245C65F607F}.Debug|Any CPU.ActiveCfg = Debug|Any CPU
		{392A3DCC-168F-4EB8-8169-8245C65F607F}.Debug|Any CPU.Build.0 = Debug|Any CPU
		{392A3DCC-168F-4EB8-8169-8245C65F607F}.Release|Any CPU.ActiveCfg = Release|Any CPU
		{392A3DCC-168F-4EB8-8169-8245C65F607F}.Release|Any CPU.Build.0 = Release|Any CPU
		{DDB5085B-7E2E-4651-AFA9-C80019048C0E}.Debug|Any CPU.ActiveCfg = Debug|Any CPU
		{DDB5085B-7E2E-4651-AFA9-C80019048C0E}.Debug|Any CPU.Build.0 = Debug|Any CPU
		{DDB5085B-7E2E-4651-AFA9-C80019048C0E}.Release|Any CPU.ActiveCfg = Release|Any CPU
		{DDB5085B-7E2E-4651-AFA9-C80019048C0E}.Release|Any CPU.Build.0 = Release|Any CPU
		{2F14E6A1-373F-4F38-997B-6C1A832DF6AB}.Debug|Any CPU.ActiveCfg = Debug|Any CPU
		{2F14E6A1-373F-4F38-997B-6C1A832DF6AB}.Debug|Any CPU.Build.0 = Debug|Any CPU
		{2F14E6A1-373F-4F38-997B-6C1A832DF6AB}.Release|Any CPU.ActiveCfg = Release|Any CPU
		{2F14E6A1-373F-4F38-997B-6C1A832DF6AB}.Release|Any CPU.Build.0 = Release|Any CPU
		{58626B4F-D364-434F-A737-CF5BDA80B0CB}.Debug|Any CPU.ActiveCfg = Debug|Any CPU
		{58626B4F-D364-434F-A737-CF5BDA80B0CB}.Debug|Any CPU.Build.0 = Debug|Any CPU
		{58626B4F-D364-434F-A737-CF5BDA80B0CB}.Release|Any CPU.ActiveCfg = Release|Any CPU
		{58626B4F-D364-434F-A737-CF5BDA80B0CB}.Release|Any CPU.Build.0 = Release|Any CPU
		{31F69133-1DE1-4F29-B18F-FD171C9B5C27}.Debug|Any CPU.ActiveCfg = Debug|Any CPU
		{31F69133-1DE1-4F29-B18F-FD171C9B5C27}.Debug|Any CPU.Build.0 = Debug|Any CPU
		{31F69133-1DE1-4F29-B18F-FD171C9B5C27}.Release|Any CPU.ActiveCfg = Release|Any CPU
		{31F69133-1DE1-4F29-B18F-FD171C9B5C27}.Release|Any CPU.Build.0 = Release|Any CPU
		{05F3354E-1388-4432-ADFB-FB64CE60CEA8}.Debug|Any CPU.ActiveCfg = Debug|Any CPU
		{05F3354E-1388-4432-ADFB-FB64CE60CEA8}.Debug|Any CPU.Build.0 = Debug|Any CPU
		{05F3354E-1388-4432-ADFB-FB64CE60CEA8}.Release|Any CPU.ActiveCfg = Release|Any CPU
		{05F3354E-1388-4432-ADFB-FB64CE60CEA8}.Release|Any CPU.Build.0 = Release|Any CPU
		{E354EC5B-E4C7-4570-A843-F917A17F39FC}.Debug|Any CPU.ActiveCfg = Debug|Any CPU
		{E354EC5B-E4C7-4570-A843-F917A17F39FC}.Debug|Any CPU.Build.0 = Debug|Any CPU
		{E354EC5B-E4C7-4570-A843-F917A17F39FC}.Release|Any CPU.ActiveCfg = Release|Any CPU
		{E354EC5B-E4C7-4570-A843-F917A17F39FC}.Release|Any CPU.Build.0 = Release|Any CPU
		{63C9D1A8-56A1-4F91-A669-E46E6BB5A9E2}.Debug|Any CPU.ActiveCfg = Debug|Any CPU
		{63C9D1A8-56A1-4F91-A669-E46E6BB5A9E2}.Debug|Any CPU.Build.0 = Debug|Any CPU
		{63C9D1A8-56A1-4F91-A669-E46E6BB5A9E2}.Release|Any CPU.ActiveCfg = Release|Any CPU
		{63C9D1A8-56A1-4F91-A669-E46E6BB5A9E2}.Release|Any CPU.Build.0 = Release|Any CPU
		{428607E3-7960-4936-8000-E369AA0324BF}.Debug|Any CPU.ActiveCfg = Debug|Any CPU
		{428607E3-7960-4936-8000-E369AA0324BF}.Debug|Any CPU.Build.0 = Debug|Any CPU
		{428607E3-7960-4936-8000-E369AA0324BF}.Release|Any CPU.ActiveCfg = Release|Any CPU
		{428607E3-7960-4936-8000-E369AA0324BF}.Release|Any CPU.Build.0 = Release|Any CPU
		{38F33812-788D-434E-8590-F28049E8B44C}.Debug|Any CPU.ActiveCfg = Debug|Any CPU
		{38F33812-788D-434E-8590-F28049E8B44C}.Debug|Any CPU.Build.0 = Debug|Any CPU
		{38F33812-788D-434E-8590-F28049E8B44C}.Release|Any CPU.ActiveCfg = Release|Any CPU
		{38F33812-788D-434E-8590-F28049E8B44C}.Release|Any CPU.Build.0 = Release|Any CPU
	EndGlobalSection
	GlobalSection(SolutionProperties) = preSolution
		HideSolutionNode = FALSE
	EndGlobalSection
	GlobalSection(NestedProjects) = preSolution
		{06ECFE0D-6545-402E-8202-2149378536BB} = {FC2F859B-3B3D-49DF-B551-2FBFFB356FDC}
		{EF5274DF-D7AE-40E4-BEBC-B0691824C1D8} = {C0AAB9DA-D22D-4136-8D5D-D9FE008BB816}
		{6620A728-ABF3-4287-AEA6-8C4ACCCC5A9E} = {AC89EBA6-9855-430E-ACD6-B7BE959AE611}
		{7DC28A3B-8B3B-4E2B-98BA-5E93E496A3CD} = {AC89EBA6-9855-430E-ACD6-B7BE959AE611}
		{3961F2B4-BEC3-4797-AE68-FE99E7F589B6} = {AC89EBA6-9855-430E-ACD6-B7BE959AE611}
		{2845BDA8-3F6F-4336-9501-686D96429FF6} = {23C20671-6F1B-44DC-8CB1-DC79F64B4ED7}
		{EA9B6937-C7C8-464A-B9E7-E5C761437043} = {23C20671-6F1B-44DC-8CB1-DC79F64B4ED7}
		{43D56A1B-B4ED-461F-B144-BFDCB8B4F6F7} = {23C20671-6F1B-44DC-8CB1-DC79F64B4ED7}
		{4477A0E6-09AE-4A77-A49A-F8819E93B4CA} = {23C20671-6F1B-44DC-8CB1-DC79F64B4ED7}
		{2781BCC3-AB52-4565-8913-BBDF6FA792BE} = {5012B439-25F6-48E9-BE1A-AFEEC56E6655}
		{10621374-4B55-495B-868E-AD526195DD5C} = {5012B439-25F6-48E9-BE1A-AFEEC56E6655}
		{C4B3A0A3-96F4-4791-8629-AC369306AC38} = {AC89EBA6-9855-430E-ACD6-B7BE959AE611}
		{FC2F859B-3B3D-49DF-B551-2FBFFB356FDC} = {1CA49710-5117-4F72-9155-8D0282D083F4}
		{AC89EBA6-9855-430E-ACD6-B7BE959AE611} = {1CA49710-5117-4F72-9155-8D0282D083F4}
		{5012B439-25F6-48E9-BE1A-AFEEC56E6655} = {1CA49710-5117-4F72-9155-8D0282D083F4}
		{C0AAB9DA-D22D-4136-8D5D-D9FE008BB816} = {1CA49710-5117-4F72-9155-8D0282D083F4}
		{392A3DCC-168F-4EB8-8169-8245C65F607F} = {5012B439-25F6-48E9-BE1A-AFEEC56E6655}
		{9832971A-914A-4D2F-9D1A-9FD18F36A5D2} = {1CA49710-5117-4F72-9155-8D0282D083F4}
		{DDB5085B-7E2E-4651-AFA9-C80019048C0E} = {9832971A-914A-4D2F-9D1A-9FD18F36A5D2}
		{F07A8394-FBDE-4F6A-BD4B-ED0091F86B8E} = {1CA49710-5117-4F72-9155-8D0282D083F4}
		{2F14E6A1-373F-4F38-997B-6C1A832DF6AB} = {F07A8394-FBDE-4F6A-BD4B-ED0091F86B8E}
		{58626B4F-D364-434F-A737-CF5BDA80B0CB} = {5012B439-25F6-48E9-BE1A-AFEEC56E6655}
		{31F69133-1DE1-4F29-B18F-FD171C9B5C27} = {AC89EBA6-9855-430E-ACD6-B7BE959AE611}
		{05F3354E-1388-4432-ADFB-FB64CE60CEA8} = {AC89EBA6-9855-430E-ACD6-B7BE959AE611}
		{E354EC5B-E4C7-4570-A843-F917A17F39FC} = {AC89EBA6-9855-430E-ACD6-B7BE959AE611}
		{63C9D1A8-56A1-4F91-A669-E46E6BB5A9E2} = {AC89EBA6-9855-430E-ACD6-B7BE959AE611}
		{428607E3-7960-4936-8000-E369AA0324BF} = {AC89EBA6-9855-430E-ACD6-B7BE959AE611}
		{38F33812-788D-434E-8590-F28049E8B44C} = {AC89EBA6-9855-430E-ACD6-B7BE959AE611}
	EndGlobalSection
	GlobalSection(ExtensibilityGlobals) = postSolution
		SolutionGuid = {8AC5542E-6F29-4E50-8D92-569885541F99}
	EndGlobalSection
EndGlobal
