
Microsoft Visual Studio Solution File, Format Version 12.00
# Visual Studio Version 16
VisualStudioVersion = 16.0.29102.190
MinimumVisualStudioVersion = 10.0.40219.1
Project("{9A19103F-16F7-4668-BE54-9A1E7A4F7556}") = "BingoX.Core", "BingoX.Core\BingoX.Core.csproj", "{06ECFE0D-6545-402E-8202-2149378536BB}"
EndProject
Project("{9A19103F-16F7-4668-BE54-9A1E7A4F7556}") = "BingoX.Core.SecurityExtension", "BingoX.Core.SecurityExtension\BingoX.Core.SecurityExtension.csproj", "{EF5274DF-D7AE-40E4-BEBC-B0691824C1D8}"
EndProject
Project("{9A19103F-16F7-4668-BE54-9A1E7A4F7556}") = "BingoX.EF", "BingoX.EF\BingoX.EF.csproj", "{6620A728-ABF3-4287-AEA6-8C4ACCCC5A9E}"
EndProject
Project("{9A19103F-16F7-4668-BE54-9A1E7A4F7556}") = "BingoX.Repository", "BingoX.Repository\BingoX.Repository.csproj", "{7DC28A3B-8B3B-4E2B-98BA-5E93E496A3CD}"
EndProject
Project("{9A19103F-16F7-4668-BE54-9A1E7A4F7556}") = "BingoX.SqlSugar", "BingoX.SqlSugar\BingoX.SqlSugar.csproj", "{3961F2B4-BEC3-4797-AE68-FE99E7F589B6}"
EndProject
Project("{2150E333-8FDC-42A3-9474-1A3956D46DE8}") = "Code", "Code", "{1CA49710-5117-4F72-9155-8D0282D083F4}"
EndProject
Project("{2150E333-8FDC-42A3-9474-1A3956D46DE8}") = "Test", "Test", "{23C20671-6F1B-44DC-8CB1-DC79F64B4ED7}"
EndProject
Project("{FAE04EC0-301F-11D3-BF4B-00C04F79EFBC}") = "BingoX.Core.Test", "BingoX.Core.Test\BingoX.Core.Test.csproj", "{2845BDA8-3F6F-4336-9501-686D96429FF6}"
EndProject
Project("{FAE04EC0-301F-11D3-BF4B-00C04F79EFBC}") = "BingoX.Test", "BingoX.Test\BingoX.Test.csproj", "{EA9B6937-C7C8-464A-B9E7-E5C761437043}"
EndProject
Project("{FAE04EC0-301F-11D3-BF4B-00C04F79EFBC}") = "BingoX.Core.SecurityExtension.Test", "BingoX.Core.SecurityExtension.Test\BingoX.Core.SecurityExtension.Test.csproj", "{43D56A1B-B4ED-461F-B144-BFDCB8B4F6F7}"
EndProject
Project("{FAE04EC0-301F-11D3-BF4B-00C04F79EFBC}") = "BingoX.SecurityExtension.Test", "BingoX.SecurityExtension.Test\BingoX.SecurityExtension.Test.csproj", "{4477A0E6-09AE-4A77-A49A-F8819E93B4CA}"
EndProject
Global
	GlobalSection(SolutionConfigurationPlatforms) = preSolution
		Debug|Any CPU = Debug|Any CPU
		Release|Any CPU = Release|Any CPU
	EndGlobalSection
	GlobalSection(ProjectConfigurationPlatforms) = postSolution
		{06ECFE0D-6545-402E-8202-2149378536BB}.Debug|Any CPU.ActiveCfg = Debug|Any CPU
		{06ECFE0D-6545-402E-8202-2149378536BB}.Debug|Any CPU.Build.0 = Debug|Any CPU
		{06ECFE0D-6545-402E-8202-2149378536BB}.Release|Any CPU.ActiveCfg = Release|Any CPU
		{06ECFE0D-6545-402E-8202-2149378536BB}.Release|Any CPU.Build.0 = Release|Any CPU
		{EF5274DF-D7AE-40E4-BEBC-B0691824C1D8}.Debug|Any CPU.ActiveCfg = Debug|Any CPU
		{EF5274DF-D7AE-40E4-BEBC-B0691824C1D8}.Debug|Any CPU.Build.0 = Debug|Any CPU
		{EF5274DF-D7AE-40E4-BEBC-B0691824C1D8}.Release|Any CPU.ActiveCfg = Release|Any CPU
		{EF5274DF-D7AE-40E4-BEBC-B0691824C1D8}.Release|Any CPU.Build.0 = Release|Any CPU
		{6620A728-ABF3-4287-AEA6-8C4ACCCC5A9E}.Debug|Any CPU.ActiveCfg = Debug|Any CPU
		{6620A728-ABF3-4287-AEA6-8C4ACCCC5A9E}.Debug|Any CPU.Build.0 = Debug|Any CPU
		{6620A728-ABF3-4287-AEA6-8C4ACCCC5A9E}.Release|Any CPU.ActiveCfg = Release|Any CPU
		{6620A728-ABF3-4287-AEA6-8C4ACCCC5A9E}.Release|Any CPU.Build.0 = Release|Any CPU
		{7DC28A3B-8B3B-4E2B-98BA-5E93E496A3CD}.Debug|Any CPU.ActiveCfg = Debug|Any CPU
		{7DC28A3B-8B3B-4E2B-98BA-5E93E496A3CD}.Debug|Any CPU.Build.0 = Debug|Any CPU
		{7DC28A3B-8B3B-4E2B-98BA-5E93E496A3CD}.Release|Any CPU.ActiveCfg = Release|Any CPU
		{7DC28A3B-8B3B-4E2B-98BA-5E93E496A3CD}.Release|Any CPU.Build.0 = Release|Any CPU
		{3961F2B4-BEC3-4797-AE68-FE99E7F589B6}.Debug|Any CPU.ActiveCfg = Debug|Any CPU
		{3961F2B4-BEC3-4797-AE68-FE99E7F589B6}.Debug|Any CPU.Build.0 = Debug|Any CPU
		{3961F2B4-BEC3-4797-AE68-FE99E7F589B6}.Release|Any CPU.ActiveCfg = Release|Any CPU
		{3961F2B4-BEC3-4797-AE68-FE99E7F589B6}.Release|Any CPU.Build.0 = Release|Any CPU
		{2845BDA8-3F6F-4336-9501-686D96429FF6}.Debug|Any CPU.ActiveCfg = Debug|Any CPU
		{2845BDA8-3F6F-4336-9501-686D96429FF6}.Debug|Any CPU.Build.0 = Debug|Any CPU
		{2845BDA8-3F6F-4336-9501-686D96429FF6}.Release|Any CPU.ActiveCfg = Release|Any CPU
		{2845BDA8-3F6F-4336-9501-686D96429FF6}.Release|Any CPU.Build.0 = Release|Any CPU
		{EA9B6937-C7C8-464A-B9E7-E5C761437043}.Debug|Any CPU.ActiveCfg = Debug|Any CPU
		{EA9B6937-C7C8-464A-B9E7-E5C761437043}.Debug|Any CPU.Build.0 = Debug|Any CPU
		{EA9B6937-C7C8-464A-B9E7-E5C761437043}.Release|Any CPU.ActiveCfg = Release|Any CPU
		{EA9B6937-C7C8-464A-B9E7-E5C761437043}.Release|Any CPU.Build.0 = Release|Any CPU
		{43D56A1B-B4ED-461F-B144-BFDCB8B4F6F7}.Debug|Any CPU.ActiveCfg = Debug|Any CPU
		{43D56A1B-B4ED-461F-B144-BFDCB8B4F6F7}.Debug|Any CPU.Build.0 = Debug|Any CPU
		{43D56A1B-B4ED-461F-B144-BFDCB8B4F6F7}.Release|Any CPU.ActiveCfg = Release|Any CPU
		{43D56A1B-B4ED-461F-B144-BFDCB8B4F6F7}.Release|Any CPU.Build.0 = Release|Any CPU
		{4477A0E6-09AE-4A77-A49A-F8819E93B4CA}.Debug|Any CPU.ActiveCfg = Debug|Any CPU
		{4477A0E6-09AE-4A77-A49A-F8819E93B4CA}.Debug|Any CPU.Build.0 = Debug|Any CPU
		{4477A0E6-09AE-4A77-A49A-F8819E93B4CA}.Release|Any CPU.ActiveCfg = Release|Any CPU
		{4477A0E6-09AE-4A77-A49A-F8819E93B4CA}.Release|Any CPU.Build.0 = Release|Any CPU
	EndGlobalSection
	GlobalSection(SolutionProperties) = preSolution
		HideSolutionNode = FALSE
	EndGlobalSection
	GlobalSection(NestedProjects) = preSolution
		{06ECFE0D-6545-402E-8202-2149378536BB} = {1CA49710-5117-4F72-9155-8D0282D083F4}
		{EF5274DF-D7AE-40E4-BEBC-B0691824C1D8} = {1CA49710-5117-4F72-9155-8D0282D083F4}
		{6620A728-ABF3-4287-AEA6-8C4ACCCC5A9E} = {1CA49710-5117-4F72-9155-8D0282D083F4}
		{7DC28A3B-8B3B-4E2B-98BA-5E93E496A3CD} = {1CA49710-5117-4F72-9155-8D0282D083F4}
		{3961F2B4-BEC3-4797-AE68-FE99E7F589B6} = {1CA49710-5117-4F72-9155-8D0282D083F4}
		{2845BDA8-3F6F-4336-9501-686D96429FF6} = {23C20671-6F1B-44DC-8CB1-DC79F64B4ED7}
		{EA9B6937-C7C8-464A-B9E7-E5C761437043} = {23C20671-6F1B-44DC-8CB1-DC79F64B4ED7}
		{43D56A1B-B4ED-461F-B144-BFDCB8B4F6F7} = {23C20671-6F1B-44DC-8CB1-DC79F64B4ED7}
		{4477A0E6-09AE-4A77-A49A-F8819E93B4CA} = {23C20671-6F1B-44DC-8CB1-DC79F64B4ED7}
	EndGlobalSection
	GlobalSection(ExtensibilityGlobals) = postSolution
		SolutionGuid = {8AC5542E-6F29-4E50-8D92-569885541F99}
	EndGlobalSection
EndGlobal
